
Microsoft Visual Studio Solution File, Format Version 12.00
# Visual Studio 15
VisualStudioVersion = 15.0.28307.421
MinimumVisualStudioVersion = 10.0.40219.1
Project("{FAE04EC0-301F-11D3-BF4B-00C04F79EFBC}") = "MvcMovie", "MvcMovie\MvcMovie.csproj", "{C6D56058-2761-4F60-8998-5580DF392B15}"
EndProject
Global
	GlobalSection(SolutionConfigurationPlatforms) = preSolution
		Debug|Any CPU = Debug|Any CPU
		Release|Any CPU = Release|Any CPU
	EndGlobalSection
	GlobalSection(ProjectConfigurationPlatforms) = postSolution
		{C6D56058-2761-4F60-8998-5580DF392B15}.Debug|Any CPU.ActiveCfg = Debug|Any CPU
		{C6D56058-2761-4F60-8998-5580DF392B15}.Debug|Any CPU.Build.0 = Debug|Any CPU
		{C6D56058-2761-4F60-8998-5580DF392B15}.Release|Any CPU.ActiveCfg = Release|Any CPU
		{C6D56058-2761-4F60-8998-5580DF392B15}.Release|Any CPU.Build.0 = Release|Any CPU
	EndGlobalSection
	GlobalSection(SolutionProperties) = preSolution
		HideSolutionNode = FALSE
	EndGlobalSection
	GlobalSection(ExtensibilityGlobals) = postSolution
		SolutionGuid = {92363B66-FF5F-45E3-B03B-6FF6FF44B4D9}
	EndGlobalSection
EndGlobal
